// !$*UTF8*$!
{
	archiveVersion = 1;
	classes = {
	};
	objectVersion = 55;
	objects = {

/* Begin PBXBuildFile section */
		8F7C8C4528A696300007B9E5 /* AppMain.swift in Sources */ = {isa = PBXBuildFile; fileRef = 8F7C8C4428A696300007B9E5 /* AppMain.swift */; };
		8F7C8C4728A696300007B9E5 /* ContentView.swift in Sources */ = {isa = PBXBuildFile; fileRef = 8F7C8C4628A696300007B9E5 /* ContentView.swift */; };
		8F7C8C4C28A696320007B9E5 /* Preview Assets.xcassets in Resources */ = {isa = PBXBuildFile; fileRef = 8F7C8C4B28A696320007B9E5 /* Preview Assets.xcassets */; };
		8F7C8C5428A698BF0007B9E5 /* State.swift in Sources */ = {isa = PBXBuildFile; fileRef = 8F7C8C5328A698BF0007B9E5 /* State.swift */; };
		8F7C8C5728A6990D0007B9E5 /* GameStateModel.swift in Sources */ = {isa = PBXBuildFile; fileRef = 8F7C8C5628A6990D0007B9E5 /* GameStateModel.swift */; };
		8F7C8C5928A6994E0007B9E5 /* Store.swift in Sources */ = {isa = PBXBuildFile; fileRef = 8F7C8C5828A6994E0007B9E5 /* Store.swift */; };
		8F7C8C5C28A69CBE0007B9E5 /* TitleScreenView.swift in Sources */ = {isa = PBXBuildFile; fileRef = 8F7C8C5B28A69CBE0007B9E5 /* TitleScreenView.swift */; };
		8F7C8C5E28A74DAA0007B9E5 /* DificultyLevelModel.swift in Sources */ = {isa = PBXBuildFile; fileRef = 8F7C8C5D28A74DAA0007B9E5 /* DificultyLevelModel.swift */; };
		8F7C8C6028A750410007B9E5 /* GameScreenView.swift in Sources */ = {isa = PBXBuildFile; fileRef = 8F7C8C5F28A750410007B9E5 /* GameScreenView.swift */; };
		8F7C8C6228A7508A0007B9E5 /* CardModel.swift in Sources */ = {isa = PBXBuildFile; fileRef = 8F7C8C6128A7508A0007B9E5 /* CardModel.swift */; };
		8F7C8C6428A750AF0007B9E5 /* AnimalModel.swift in Sources */ = {isa = PBXBuildFile; fileRef = 8F7C8C6328A750AF0007B9E5 /* AnimalModel.swift */; };
		8F7C8C6828A750D20007B9E5 /* Assets.xcassets in Resources */ = {isa = PBXBuildFile; fileRef = 8F7C8C6628A750D20007B9E5 /* Assets.xcassets */; };
		8F7C8C6928A750D20007B9E5 /* duck.mp3 in Resources */ = {isa = PBXBuildFile; fileRef = 8F7C8C6728A750D20007B9E5 /* duck.mp3 */; };
		8F7C8C6B28A751380007B9E5 /* CardGridView.swift in Sources */ = {isa = PBXBuildFile; fileRef = 8F7C8C6A28A751380007B9E5 /* CardGridView.swift */; };
		8F7C8C6D28A751BE0007B9E5 /* CardView.swift in Sources */ = {isa = PBXBuildFile; fileRef = 8F7C8C6C28A751BE0007B9E5 /* CardView.swift */; };
		8F7C8C6F28A75DE20007B9E5 /* CardFrontContentView.swift in Sources */ = {isa = PBXBuildFile; fileRef = 8F7C8C6E28A75DE20007B9E5 /* CardFrontContentView.swift */; };
		8F7C8C7128A75E4D0007B9E5 /* CardBackContentView.swift in Sources */ = {isa = PBXBuildFile; fileRef = 8F7C8C7028A75E4D0007B9E5 /* CardBackContentView.swift */; };
		8F7C8C7528A766890007B9E5 /* Action.swift in Sources */ = {isa = PBXBuildFile; fileRef = 8F7C8C7428A766890007B9E5 /* Action.swift */; };
		8F7C8C7728A798830007B9E5 /* Reducer.swift in Sources */ = {isa = PBXBuildFile; fileRef = 8F7C8C7628A798830007B9E5 /* Reducer.swift */; };
/* End PBXBuildFile section */

/* Begin PBXFileReference section */
		8F7C8C4128A696300007B9E5 /* ThreeDucks.app */ = {isa = PBXFileReference; explicitFileType = wrapper.application; includeInIndex = 0; path = ThreeDucks.app; sourceTree = BUILT_PRODUCTS_DIR; };
		8F7C8C4428A696300007B9E5 /* AppMain.swift */ = {isa = PBXFileReference; lastKnownFileType = sourcecode.swift; path = AppMain.swift; sourceTree = "<group>"; };
		8F7C8C4628A696300007B9E5 /* ContentView.swift */ = {isa = PBXFileReference; lastKnownFileType = sourcecode.swift; path = ContentView.swift; sourceTree = "<group>"; };
		8F7C8C4B28A696320007B9E5 /* Preview Assets.xcassets */ = {isa = PBXFileReference; lastKnownFileType = folder.assetcatalog; path = "Preview Assets.xcassets"; sourceTree = "<group>"; };
		8F7C8C5328A698BF0007B9E5 /* State.swift */ = {isa = PBXFileReference; lastKnownFileType = sourcecode.swift; path = State.swift; sourceTree = "<group>"; };
		8F7C8C5628A6990D0007B9E5 /* GameStateModel.swift */ = {isa = PBXFileReference; lastKnownFileType = sourcecode.swift; path = GameStateModel.swift; sourceTree = "<group>"; };
		8F7C8C5828A6994E0007B9E5 /* Store.swift */ = {isa = PBXFileReference; lastKnownFileType = sourcecode.swift; path = Store.swift; sourceTree = "<group>"; };
		8F7C8C5B28A69CBE0007B9E5 /* TitleScreenView.swift */ = {isa = PBXFileReference; lastKnownFileType = sourcecode.swift; path = TitleScreenView.swift; sourceTree = "<group>"; };
		8F7C8C5D28A74DAA0007B9E5 /* DificultyLevelModel.swift */ = {isa = PBXFileReference; lastKnownFileType = sourcecode.swift; path = DificultyLevelModel.swift; sourceTree = "<group>"; };
		8F7C8C5F28A750410007B9E5 /* GameScreenView.swift */ = {isa = PBXFileReference; lastKnownFileType = sourcecode.swift; path = GameScreenView.swift; sourceTree = "<group>"; };
		8F7C8C6128A7508A0007B9E5 /* CardModel.swift */ = {isa = PBXFileReference; lastKnownFileType = sourcecode.swift; path = CardModel.swift; sourceTree = "<group>"; };
		8F7C8C6328A750AF0007B9E5 /* AnimalModel.swift */ = {isa = PBXFileReference; lastKnownFileType = sourcecode.swift; path = AnimalModel.swift; sourceTree = "<group>"; };
		8F7C8C6628A750D20007B9E5 /* Assets.xcassets */ = {isa = PBXFileReference; lastKnownFileType = folder.assetcatalog; path = Assets.xcassets; sourceTree = "<group>"; };
		8F7C8C6728A750D20007B9E5 /* duck.mp3 */ = {isa = PBXFileReference; lastKnownFileType = audio.mp3; path = duck.mp3; sourceTree = "<group>"; };
		8F7C8C6A28A751380007B9E5 /* CardGridView.swift */ = {isa = PBXFileReference; lastKnownFileType = sourcecode.swift; path = CardGridView.swift; sourceTree = "<group>"; };
		8F7C8C6C28A751BE0007B9E5 /* CardView.swift */ = {isa = PBXFileReference; lastKnownFileType = sourcecode.swift; path = CardView.swift; sourceTree = "<group>"; };
		8F7C8C6E28A75DE20007B9E5 /* CardFrontContentView.swift */ = {isa = PBXFileReference; lastKnownFileType = sourcecode.swift; path = CardFrontContentView.swift; sourceTree = "<group>"; };
		8F7C8C7028A75E4D0007B9E5 /* CardBackContentView.swift */ = {isa = PBXFileReference; lastKnownFileType = sourcecode.swift; path = CardBackContentView.swift; sourceTree = "<group>"; };
		8F7C8C7428A766890007B9E5 /* Action.swift */ = {isa = PBXFileReference; lastKnownFileType = sourcecode.swift; path = Action.swift; sourceTree = "<group>"; };
		8F7C8C7628A798830007B9E5 /* Reducer.swift */ = {isa = PBXFileReference; lastKnownFileType = sourcecode.swift; path = Reducer.swift; sourceTree = "<group>"; };
/* End PBXFileReference section */

/* Begin PBXFrameworksBuildPhase section */
		8F7C8C3E28A696300007B9E5 /* Frameworks */ = {
			isa = PBXFrameworksBuildPhase;
			buildActionMask = 2147483647;
			files = (
			);
			runOnlyForDeploymentPostprocessing = 0;
		};
/* End PBXFrameworksBuildPhase section */

/* Begin PBXGroup section */
		8F7C8C3828A696300007B9E5 = {
			isa = PBXGroup;
			children = (
				8F7C8C4328A696300007B9E5 /* ThreeDucks */,
				8F7C8C4228A696300007B9E5 /* Products */,
			);
			sourceTree = "<group>";
		};
		8F7C8C4228A696300007B9E5 /* Products */ = {
			isa = PBXGroup;
			children = (
				8F7C8C4128A696300007B9E5 /* ThreeDucks.app */,
			);
			name = Products;
			sourceTree = "<group>";
		};
		8F7C8C4328A696300007B9E5 /* ThreeDucks */ = {
			isa = PBXGroup;
			children = (
				8F7C8C6628A750D20007B9E5 /* Assets.xcassets */,
				8F7C8C6728A750D20007B9E5 /* duck.mp3 */,
				8F7C8C5A28A69C9A0007B9E5 /* Views */,
				8F7C8C5528A698F60007B9E5 /* Models */,
				8F7C8C5228A698930007B9E5 /* Redux */,
				8F7C8C4428A696300007B9E5 /* AppMain.swift */,
				8F7C8C4A28A696320007B9E5 /* Preview Content */,
			);
			path = ThreeDucks;
			sourceTree = "<group>";
		};
		8F7C8C4A28A696320007B9E5 /* Preview Content */ = {
			isa = PBXGroup;
			children = (
				8F7C8C4B28A696320007B9E5 /* Preview Assets.xcassets */,
			);
			path = "Preview Content";
			sourceTree = "<group>";
		};
		8F7C8C5228A698930007B9E5 /* Redux */ = {
			isa = PBXGroup;
			children = (
				8F7C8C5328A698BF0007B9E5 /* State.swift */,
				8F7C8C5828A6994E0007B9E5 /* Store.swift */,
				8F7C8C7428A766890007B9E5 /* Action.swift */,
				8F7C8C7628A798830007B9E5 /* Reducer.swift */,
			);
			path = Redux;
			sourceTree = "<group>";
		};
		8F7C8C5528A698F60007B9E5 /* Models */ = {
			isa = PBXGroup;
			children = (
				8F7C8C5628A6990D0007B9E5 /* GameStateModel.swift */,
				8F7C8C5D28A74DAA0007B9E5 /* DificultyLevelModel.swift */,
				8F7C8C6128A7508A0007B9E5 /* CardModel.swift */,
				8F7C8C6328A750AF0007B9E5 /* AnimalModel.swift */,
			);
			path = Models;
			sourceTree = "<group>";
		};
		8F7C8C5A28A69C9A0007B9E5 /* Views */ = {
			isa = PBXGroup;
			children = (
				8F7C8C4628A696300007B9E5 /* ContentView.swift */,
				8F7C8C5B28A69CBE0007B9E5 /* TitleScreenView.swift */,
				8F7C8C5F28A750410007B9E5 /* GameScreenView.swift */,
				8F7C8C6A28A751380007B9E5 /* CardGridView.swift */,
				8F7C8C6C28A751BE0007B9E5 /* CardView.swift */,
				8F7C8C6E28A75DE20007B9E5 /* CardFrontContentView.swift */,
				8F7C8C7028A75E4D0007B9E5 /* CardBackContentView.swift */,
			);
			path = Views;
			sourceTree = "<group>";
		};
/* End PBXGroup section */

/* Begin PBXNativeTarget section */
		8F7C8C4028A696300007B9E5 /* ThreeDucks */ = {
			isa = PBXNativeTarget;
			buildConfigurationList = 8F7C8C4F28A696320007B9E5 /* Build configuration list for PBXNativeTarget "ThreeDucks" */;
			buildPhases = (
				8F7C8C3D28A696300007B9E5 /* Sources */,
				8F7C8C3E28A696300007B9E5 /* Frameworks */,
				8F7C8C3F28A696300007B9E5 /* Resources */,
			);
			buildRules = (
			);
			dependencies = (
			);
			name = ThreeDucks;
			productName = ThreeDucks;
			productReference = 8F7C8C4128A696300007B9E5 /* ThreeDucks.app */;
			productType = "com.apple.product-type.application";
		};
/* End PBXNativeTarget section */

/* Begin PBXProject section */
		8F7C8C3928A696300007B9E5 /* Project object */ = {
			isa = PBXProject;
			attributes = {
				BuildIndependentTargetsInParallel = 1;
				LastSwiftUpdateCheck = 1340;
				LastUpgradeCheck = 1340;
				TargetAttributes = {
					8F7C8C4028A696300007B9E5 = {
						CreatedOnToolsVersion = 13.4.1;
					};
				};
			};
			buildConfigurationList = 8F7C8C3C28A696300007B9E5 /* Build configuration list for PBXProject "ThreeDucks" */;
			compatibilityVersion = "Xcode 13.0";
			developmentRegion = en;
			hasScannedForEncodings = 0;
			knownRegions = (
				en,
				Base,
			);
			mainGroup = 8F7C8C3828A696300007B9E5;
			productRefGroup = 8F7C8C4228A696300007B9E5 /* Products */;
			projectDirPath = "";
			projectRoot = "";
			targets = (
				8F7C8C4028A696300007B9E5 /* ThreeDucks */,
			);
		};
/* End PBXProject section */

/* Begin PBXResourcesBuildPhase section */
		8F7C8C3F28A696300007B9E5 /* Resources */ = {
			isa = PBXResourcesBuildPhase;
			buildActionMask = 2147483647;
			files = (
				8F7C8C4C28A696320007B9E5 /* Preview Assets.xcassets in Resources */,
				8F7C8C6928A750D20007B9E5 /* duck.mp3 in Resources */,
				8F7C8C6828A750D20007B9E5 /* Assets.xcassets in Resources */,
			);
			runOnlyForDeploymentPostprocessing = 0;
		};
/* End PBXResourcesBuildPhase section */

/* Begin PBXSourcesBuildPhase section */
		8F7C8C3D28A696300007B9E5 /* Sources */ = {
			isa = PBXSourcesBuildPhase;
			buildActionMask = 2147483647;
			files = (
				8F7C8C5E28A74DAA0007B9E5 /* DificultyLevelModel.swift in Sources */,
				8F7C8C6428A750AF0007B9E5 /* AnimalModel.swift in Sources */,
				8F7C8C7728A798830007B9E5 /* Reducer.swift in Sources */,
				8F7C8C6F28A75DE20007B9E5 /* CardFrontContentView.swift in Sources */,
				8F7C8C5928A6994E0007B9E5 /* Store.swift in Sources */,
				8F7C8C5C28A69CBE0007B9E5 /* TitleScreenView.swift in Sources */,
				8F7C8C4728A696300007B9E5 /* ContentView.swift in Sources */,
				8F7C8C6028A750410007B9E5 /* GameScreenView.swift in Sources */,
				8F7C8C6228A7508A0007B9E5 /* CardModel.swift in Sources */,
				8F7C8C4528A696300007B9E5 /* AppMain.swift in Sources */,
				8F7C8C6B28A751380007B9E5 /* CardGridView.swift in Sources */,
				8F7C8C5428A698BF0007B9E5 /* State.swift in Sources */,
				8F7C8C7128A75E4D0007B9E5 /* CardBackContentView.swift in Sources */,
				8F7C8C6D28A751BE0007B9E5 /* CardView.swift in Sources */,
				8F7C8C7528A766890007B9E5 /* Action.swift in Sources */,
				8F7C8C5728A6990D0007B9E5 /* GameStateModel.swift in Sources */,
			);
			runOnlyForDeploymentPostprocessing = 0;
		};
/* End PBXSourcesBuildPhase section */

/* Begin XCBuildConfiguration section */
		8F7C8C4D28A696320007B9E5 /* Debug */ = {
			isa = XCBuildConfiguration;
			buildSettings = {
				ALWAYS_SEARCH_USER_PATHS = NO;
				CLANG_ANALYZER_NONNULL = YES;
				CLANG_ANALYZER_NUMBER_OBJECT_CONVERSION = YES_AGGRESSIVE;
				CLANG_CXX_LANGUAGE_STANDARD = "gnu++17";
				CLANG_ENABLE_MODULES = YES;
				CLANG_ENABLE_OBJC_ARC = YES;
				CLANG_ENABLE_OBJC_WEAK = YES;
				CLANG_WARN_BLOCK_CAPTURE_AUTORELEASING = YES;
				CLANG_WARN_BOOL_CONVERSION = YES;
				CLANG_WARN_COMMA = YES;
				CLANG_WARN_CONSTANT_CONVERSION = YES;
				CLANG_WARN_DEPRECATED_OBJC_IMPLEMENTATIONS = YES;
				CLANG_WARN_DIRECT_OBJC_ISA_USAGE = YES_ERROR;
				CLANG_WARN_DOCUMENTATION_COMMENTS = YES;
				CLANG_WARN_EMPTY_BODY = YES;
				CLANG_WARN_ENUM_CONVERSION = YES;
				CLANG_WARN_INFINITE_RECURSION = YES;
				CLANG_WARN_INT_CONVERSION = YES;
				CLANG_WARN_NON_LITERAL_NULL_CONVERSION = YES;
				CLANG_WARN_OBJC_IMPLICIT_RETAIN_SELF = YES;
				CLANG_WARN_OBJC_LITERAL_CONVERSION = YES;
				CLANG_WARN_OBJC_ROOT_CLASS = YES_ERROR;
				CLANG_WARN_QUOTED_INCLUDE_IN_FRAMEWORK_HEADER = YES;
				CLANG_WARN_RANGE_LOOP_ANALYSIS = YES;
				CLANG_WARN_STRICT_PROTOTYPES = YES;
				CLANG_WARN_SUSPICIOUS_MOVE = YES;
				CLANG_WARN_UNGUARDED_AVAILABILITY = YES_AGGRESSIVE;
				CLANG_WARN_UNREACHABLE_CODE = YES;
				CLANG_WARN__DUPLICATE_METHOD_MATCH = YES;
				COPY_PHASE_STRIP = NO;
				DEBUG_INFORMATION_FORMAT = dwarf;
				ENABLE_STRICT_OBJC_MSGSEND = YES;
				ENABLE_TESTABILITY = YES;
				GCC_C_LANGUAGE_STANDARD = gnu11;
				GCC_DYNAMIC_NO_PIC = NO;
				GCC_NO_COMMON_BLOCKS = YES;
				GCC_OPTIMIZATION_LEVEL = 0;
				GCC_PREPROCESSOR_DEFINITIONS = (
					"DEBUG=1",
					"$(inherited)",
				);
				GCC_WARN_64_TO_32_BIT_CONVERSION = YES;
				GCC_WARN_ABOUT_RETURN_TYPE = YES_ERROR;
				GCC_WARN_UNDECLARED_SELECTOR = YES;
				GCC_WARN_UNINITIALIZED_AUTOS = YES_AGGRESSIVE;
				GCC_WARN_UNUSED_FUNCTION = YES;
				GCC_WARN_UNUSED_VARIABLE = YES;
				IPHONEOS_DEPLOYMENT_TARGET = 15.5;
				MTL_ENABLE_DEBUG_INFO = INCLUDE_SOURCE;
				MTL_FAST_MATH = YES;
				ONLY_ACTIVE_ARCH = YES;
				SDKROOT = iphoneos;
				SWIFT_ACTIVE_COMPILATION_CONDITIONS = DEBUG;
				SWIFT_OPTIMIZATION_LEVEL = "-Onone";
			};
			name = Debug;
		};
		8F7C8C4E28A696320007B9E5 /* Release */ = {
			isa = XCBuildConfiguration;
			buildSettings = {
				ALWAYS_SEARCH_USER_PATHS = NO;
				CLANG_ANALYZER_NONNULL = YES;
				CLANG_ANALYZER_NUMBER_OBJECT_CONVERSION = YES_AGGRESSIVE;
				CLANG_CXX_LANGUAGE_STANDARD = "gnu++17";
				CLANG_ENABLE_MODULES = YES;
				CLANG_ENABLE_OBJC_ARC = YES;
				CLANG_ENABLE_OBJC_WEAK = YES;
				CLANG_WARN_BLOCK_CAPTURE_AUTORELEASING = YES;
				CLANG_WARN_BOOL_CONVERSION = YES;
				CLANG_WARN_COMMA = YES;
				CLANG_WARN_CONSTANT_CONVERSION = YES;
				CLANG_WARN_DEPRECATED_OBJC_IMPLEMENTATIONS = YES;
				CLANG_WARN_DIRECT_OBJC_ISA_USAGE = YES_ERROR;
				CLANG_WARN_DOCUMENTATION_COMMENTS = YES;
				CLANG_WARN_EMPTY_BODY = YES;
				CLANG_WARN_ENUM_CONVERSION = YES;
				CLANG_WARN_INFINITE_RECURSION = YES;
				CLANG_WARN_INT_CONVERSION = YES;
				CLANG_WARN_NON_LITERAL_NULL_CONVERSION = YES;
				CLANG_WARN_OBJC_IMPLICIT_RETAIN_SELF = YES;
				CLANG_WARN_OBJC_LITERAL_CONVERSION = YES;
				CLANG_WARN_OBJC_ROOT_CLASS = YES_ERROR;
				CLANG_WARN_QUOTED_INCLUDE_IN_FRAMEWORK_HEADER = YES;
				CLANG_WARN_RANGE_LOOP_ANALYSIS = YES;
				CLANG_WARN_STRICT_PROTOTYPES = YES;
				CLANG_WARN_SUSPICIOUS_MOVE = YES;
				CLANG_WARN_UNGUARDED_AVAILABILITY = YES_AGGRESSIVE;
				CLANG_WARN_UNREACHABLE_CODE = YES;
				CLANG_WARN__DUPLICATE_METHOD_MATCH = YES;
				COPY_PHASE_STRIP = NO;
				DEBUG_INFORMATION_FORMAT = "dwarf-with-dsym";
				ENABLE_NS_ASSERTIONS = NO;
				ENABLE_STRICT_OBJC_MSGSEND = YES;
				GCC_C_LANGUAGE_STANDARD = gnu11;
				GCC_NO_COMMON_BLOCKS = YES;
				GCC_WARN_64_TO_32_BIT_CONVERSION = YES;
				GCC_WARN_ABOUT_RETURN_TYPE = YES_ERROR;
				GCC_WARN_UNDECLARED_SELECTOR = YES;
				GCC_WARN_UNINITIALIZED_AUTOS = YES_AGGRESSIVE;
				GCC_WARN_UNUSED_FUNCTION = YES;
				GCC_WARN_UNUSED_VARIABLE = YES;
				IPHONEOS_DEPLOYMENT_TARGET = 15.5;
				MTL_ENABLE_DEBUG_INFO = NO;
				MTL_FAST_MATH = YES;
				SDKROOT = iphoneos;
				SWIFT_COMPILATION_MODE = wholemodule;
				SWIFT_OPTIMIZATION_LEVEL = "-O";
				VALIDATE_PRODUCT = YES;
			};
			name = Release;
		};
		8F7C8C5028A696320007B9E5 /* Debug */ = {
			isa = XCBuildConfiguration;
			buildSettings = {
				ASSETCATALOG_COMPILER_APPICON_NAME = AppIcon;
				ASSETCATALOG_COMPILER_GLOBAL_ACCENT_COLOR_NAME = AccentColor;
				CODE_SIGN_STYLE = Automatic;
				CURRENT_PROJECT_VERSION = 1;
				DEVELOPMENT_ASSET_PATHS = "\"ThreeDucks/Preview Content\"";
				DEVELOPMENT_TEAM = URR523CCSD;
				ENABLE_PREVIEWS = YES;
				GENERATE_INFOPLIST_FILE = YES;
				INFOPLIST_KEY_UIApplicationSceneManifest_Generation = YES;
				INFOPLIST_KEY_UIApplicationSupportsIndirectInputEvents = YES;
				INFOPLIST_KEY_UILaunchScreen_Generation = YES;
				INFOPLIST_KEY_UISupportedInterfaceOrientations_iPad = "UIInterfaceOrientationPortrait UIInterfaceOrientationPortraitUpsideDown UIInterfaceOrientationLandscapeLeft UIInterfaceOrientationLandscapeRight";
				INFOPLIST_KEY_UISupportedInterfaceOrientations_iPhone = "UIInterfaceOrientationPortrait UIInterfaceOrientationLandscapeLeft UIInterfaceOrientationLandscapeRight";
				LD_RUNPATH_SEARCH_PATHS = (
					"$(inherited)",
					"@executable_path/Frameworks",
				);
				MARKETING_VERSION = 1.0;
				PRODUCT_BUNDLE_IDENTIFIER = com.DrewIndeed.ThreeDucks;
				PRODUCT_NAME = "$(TARGET_NAME)";
				SWIFT_EMIT_LOC_STRINGS = YES;
				SWIFT_VERSION = 5.0;
				TARGETED_DEVICE_FAMILY = "1,2";
			};
			name = Debug;
		};
		8F7C8C5128A696320007B9E5 /* Release */ = {
			isa = XCBuildConfiguration;
			buildSettings = {
				ASSETCATALOG_COMPILER_APPICON_NAME = AppIcon;
				ASSETCATALOG_COMPILER_GLOBAL_ACCENT_COLOR_NAME = AccentColor;
				CODE_SIGN_STYLE = Automatic;
				CURRENT_PROJECT_VERSION = 1;
				DEVELOPMENT_ASSET_PATHS = "\"ThreeDucks/Preview Content\"";
				DEVELOPMENT_TEAM = URR523CCSD;
				ENABLE_PREVIEWS = YES;
				GENERATE_INFOPLIST_FILE = YES;
				INFOPLIST_KEY_UIApplicationSceneManifest_Generation = YES;
				INFOPLIST_KEY_UIApplicationSupportsIndirectInputEvents = YES;
				INFOPLIST_KEY_UILaunchScreen_Generation = YES;
				INFOPLIST_KEY_UISupportedInterfaceOrientations_iPad = "UIInterfaceOrientationPortrait UIInterfaceOrientationPortraitUpsideDown UIInterfaceOrientationLandscapeLeft UIInterfaceOrientationLandscapeRight";
				INFOPLIST_KEY_UISupportedInterfaceOrientations_iPhone = "UIInterfaceOrientationPortrait UIInterfaceOrientationLandscapeLeft UIInterfaceOrientationLandscapeRight";
				LD_RUNPATH_SEARCH_PATHS = (
					"$(inherited)",
					"@executable_path/Frameworks",
				);
				MARKETING_VERSION = 1.0;
				PRODUCT_BUNDLE_IDENTIFIER = com.DrewIndeed.ThreeDucks;
				PRODUCT_NAME = "$(TARGET_NAME)";
				SWIFT_EMIT_LOC_STRINGS = YES;
				SWIFT_VERSION = 5.0;
				TARGETED_DEVICE_FAMILY = "1,2";
			};
			name = Release;
		};
/* End XCBuildConfiguration section */

/* Begin XCConfigurationList section */
		8F7C8C3C28A696300007B9E5 /* Build configuration list for PBXProject "ThreeDucks" */ = {
			isa = XCConfigurationList;
			buildConfigurations = (
				8F7C8C4D28A696320007B9E5 /* Debug */,
				8F7C8C4E28A696320007B9E5 /* Release */,
			);
			defaultConfigurationIsVisible = 0;
			defaultConfigurationName = Release;
		};
		8F7C8C4F28A696320007B9E5 /* Build configuration list for PBXNativeTarget "ThreeDucks" */ = {
			isa = XCConfigurationList;
			buildConfigurations = (
				8F7C8C5028A696320007B9E5 /* Debug */,
				8F7C8C5128A696320007B9E5 /* Release */,
			);
			defaultConfigurationIsVisible = 0;
			defaultConfigurationName = Release;
		};
/* End XCConfigurationList section */
	};
	rootObject = 8F7C8C3928A696300007B9E5 /* Project object */;
}
